// !$*UTF8*$!
{
	archiveVersion = 1;
	classes = {
	};
	objectVersion = 50;
	objects = {

/* Begin PBXBuildFile section */
		119546B4208DDA8800AA6C02 /* AppDelegate.swift in Sources */ = {isa = PBXBuildFile; fileRef = 119546B3208DDA8800AA6C02 /* AppDelegate.swift */; };
		119546B6208DDA8800AA6C02 /* ViewController.swift in Sources */ = {isa = PBXBuildFile; fileRef = 119546B5208DDA8800AA6C02 /* ViewController.swift */; };
		119546B9208DDA8800AA6C02 /* Main.storyboard in Resources */ = {isa = PBXBuildFile; fileRef = 119546B7208DDA8800AA6C02 /* Main.storyboard */; };
		119546BC208DDA8800AA6C02 /* NFCTest.xcdatamodeld in Sources */ = {isa = PBXBuildFile; fileRef = 119546BA208DDA8800AA6C02 /* NFCTest.xcdatamodeld */; };
		119546BE208DDA9400AA6C02 /* Assets.xcassets in Resources */ = {isa = PBXBuildFile; fileRef = 119546BD208DDA9400AA6C02 /* Assets.xcassets */; };
		119546C1208DDA9400AA6C02 /* LaunchScreen.storyboard in Resources */ = {isa = PBXBuildFile; fileRef = 119546BF208DDA9400AA6C02 /* LaunchScreen.storyboard */; };
		119546CC208DDA9400AA6C02 /* NFCTestTests.swift in Sources */ = {isa = PBXBuildFile; fileRef = 119546CB208DDA9400AA6C02 /* NFCTestTests.swift */; };
		119546D7208DDA9400AA6C02 /* NFCTestUITests.swift in Sources */ = {isa = PBXBuildFile; fileRef = 119546D6208DDA9400AA6C02 /* NFCTestUITests.swift */; };
/* End PBXBuildFile section */

/* Begin PBXContainerItemProxy section */
		119546C8208DDA9400AA6C02 /* PBXContainerItemProxy */ = {
			isa = PBXContainerItemProxy;
			containerPortal = 119546A8208DDA8800AA6C02 /* Project object */;
			proxyType = 1;
			remoteGlobalIDString = 119546AF208DDA8800AA6C02;
			remoteInfo = NFCTest;
		};
		119546D3208DDA9400AA6C02 /* PBXContainerItemProxy */ = {
			isa = PBXContainerItemProxy;
			containerPortal = 119546A8208DDA8800AA6C02 /* Project object */;
			proxyType = 1;
			remoteGlobalIDString = 119546AF208DDA8800AA6C02;
			remoteInfo = NFCTest;
		};
/* End PBXContainerItemProxy section */

/* Begin PBXFileReference section */
		119546B0208DDA8800AA6C02 /* NFCTest.app */ = {isa = PBXFileReference; explicitFileType = wrapper.application; includeInIndex = 0; path = NFCTest.app; sourceTree = BUILT_PRODUCTS_DIR; };
		119546B3208DDA8800AA6C02 /* AppDelegate.swift */ = {isa = PBXFileReference; lastKnownFileType = sourcecode.swift; path = AppDelegate.swift; sourceTree = "<group>"; };
		119546B5208DDA8800AA6C02 /* ViewController.swift */ = {isa = PBXFileReference; lastKnownFileType = sourcecode.swift; path = ViewController.swift; sourceTree = "<group>"; };
		119546B8208DDA8800AA6C02 /* Base */ = {isa = PBXFileReference; lastKnownFileType = file.storyboard; name = Base; path = Base.lproj/Main.storyboard; sourceTree = "<group>"; };
		119546BB208DDA8800AA6C02 /* NFCTest.xcdatamodel */ = {isa = PBXFileReference; lastKnownFileType = wrapper.xcdatamodel; path = NFCTest.xcdatamodel; sourceTree = "<group>"; };
		119546BD208DDA9400AA6C02 /* Assets.xcassets */ = {isa = PBXFileReference; lastKnownFileType = folder.assetcatalog; path = Assets.xcassets; sourceTree = "<group>"; };
		119546C0208DDA9400AA6C02 /* Base */ = {isa = PBXFileReference; lastKnownFileType = file.storyboard; name = Base; path = Base.lproj/LaunchScreen.storyboard; sourceTree = "<group>"; };
		119546C2208DDA9400AA6C02 /* Info.plist */ = {isa = PBXFileReference; lastKnownFileType = text.plist.xml; path = Info.plist; sourceTree = "<group>"; };
		119546C7208DDA9400AA6C02 /* NFCTestTests.xctest */ = {isa = PBXFileReference; explicitFileType = wrapper.cfbundle; includeInIndex = 0; path = NFCTestTests.xctest; sourceTree = BUILT_PRODUCTS_DIR; };
		119546CB208DDA9400AA6C02 /* NFCTestTests.swift */ = {isa = PBXFileReference; lastKnownFileType = sourcecode.swift; path = NFCTestTests.swift; sourceTree = "<group>"; };
		119546CD208DDA9400AA6C02 /* Info.plist */ = {isa = PBXFileReference; lastKnownFileType = text.plist.xml; path = Info.plist; sourceTree = "<group>"; };
		119546D2208DDA9400AA6C02 /* NFCTestUITests.xctest */ = {isa = PBXFileReference; explicitFileType = wrapper.cfbundle; includeInIndex = 0; path = NFCTestUITests.xctest; sourceTree = BUILT_PRODUCTS_DIR; };
		119546D6208DDA9400AA6C02 /* NFCTestUITests.swift */ = {isa = PBXFileReference; lastKnownFileType = sourcecode.swift; path = NFCTestUITests.swift; sourceTree = "<group>"; };
		119546D8208DDA9400AA6C02 /* Info.plist */ = {isa = PBXFileReference; lastKnownFileType = text.plist.xml; path = Info.plist; sourceTree = "<group>"; };
/* End PBXFileReference section */

/* Begin PBXFrameworksBuildPhase section */
		119546AD208DDA8800AA6C02 /* Frameworks */ = {
			isa = PBXFrameworksBuildPhase;
			buildActionMask = 2147483647;
			files = (
			);
			runOnlyForDeploymentPostprocessing = 0;
		};
		119546C4208DDA9400AA6C02 /* Frameworks */ = {
			isa = PBXFrameworksBuildPhase;
			buildActionMask = 2147483647;
			files = (
			);
			runOnlyForDeploymentPostprocessing = 0;
		};
		119546CF208DDA9400AA6C02 /* Frameworks */ = {
			isa = PBXFrameworksBuildPhase;
			buildActionMask = 2147483647;
			files = (
			);
			runOnlyForDeploymentPostprocessing = 0;
		};
/* End PBXFrameworksBuildPhase section */

/* Begin PBXGroup section */
		119546A7208DDA8800AA6C02 = {
			isa = PBXGroup;
			children = (
				119546B2208DDA8800AA6C02 /* NFCTest */,
				119546CA208DDA9400AA6C02 /* NFCTestTests */,
				119546D5208DDA9400AA6C02 /* NFCTestUITests */,
				119546B1208DDA8800AA6C02 /* Products */,
			);
			sourceTree = "<group>";
		};
		119546B1208DDA8800AA6C02 /* Products */ = {
			isa = PBXGroup;
			children = (
				119546B0208DDA8800AA6C02 /* NFCTest.app */,
				119546C7208DDA9400AA6C02 /* NFCTestTests.xctest */,
				119546D2208DDA9400AA6C02 /* NFCTestUITests.xctest */,
			);
			name = Products;
			sourceTree = "<group>";
		};
		119546B2208DDA8800AA6C02 /* NFCTest */ = {
			isa = PBXGroup;
			children = (
				119546B3208DDA8800AA6C02 /* AppDelegate.swift */,
				119546B5208DDA8800AA6C02 /* ViewController.swift */,
				119546B7208DDA8800AA6C02 /* Main.storyboard */,
				119546BD208DDA9400AA6C02 /* Assets.xcassets */,
				119546BF208DDA9400AA6C02 /* LaunchScreen.storyboard */,
				119546C2208DDA9400AA6C02 /* Info.plist */,
				119546BA208DDA8800AA6C02 /* NFCTest.xcdatamodeld */,
			);
			path = NFCTest;
			sourceTree = "<group>";
		};
		119546CA208DDA9400AA6C02 /* NFCTestTests */ = {
			isa = PBXGroup;
			children = (
				119546CB208DDA9400AA6C02 /* NFCTestTests.swift */,
				119546CD208DDA9400AA6C02 /* Info.plist */,
			);
			path = NFCTestTests;
			sourceTree = "<group>";
		};
		119546D5208DDA9400AA6C02 /* NFCTestUITests */ = {
			isa = PBXGroup;
			children = (
				119546D6208DDA9400AA6C02 /* NFCTestUITests.swift */,
				119546D8208DDA9400AA6C02 /* Info.plist */,
			);
			path = NFCTestUITests;
			sourceTree = "<group>";
		};
/* End PBXGroup section */

/* Begin PBXNativeTarget section */
		119546AF208DDA8800AA6C02 /* NFCTest */ = {
			isa = PBXNativeTarget;
			buildConfigurationList = 119546DB208DDA9400AA6C02 /* Build configuration list for PBXNativeTarget "NFCTest" */;
			buildPhases = (
				119546AC208DDA8800AA6C02 /* Sources */,
				119546AD208DDA8800AA6C02 /* Frameworks */,
				119546AE208DDA8800AA6C02 /* Resources */,
			);
			buildRules = (
			);
			dependencies = (
			);
			name = NFCTest;
			productName = NFCTest;
			productReference = 119546B0208DDA8800AA6C02 /* NFCTest.app */;
			productType = "com.apple.product-type.application";
		};
		119546C6208DDA9400AA6C02 /* NFCTestTests */ = {
			isa = PBXNativeTarget;
			buildConfigurationList = 119546DE208DDA9400AA6C02 /* Build configuration list for PBXNativeTarget "NFCTestTests" */;
			buildPhases = (
				119546C3208DDA9400AA6C02 /* Sources */,
				119546C4208DDA9400AA6C02 /* Frameworks */,
				119546C5208DDA9400AA6C02 /* Resources */,
			);
			buildRules = (
			);
			dependencies = (
				119546C9208DDA9400AA6C02 /* PBXTargetDependency */,
			);
			name = NFCTestTests;
			productName = NFCTestTests;
			productReference = 119546C7208DDA9400AA6C02 /* NFCTestTests.xctest */;
			productType = "com.apple.product-type.bundle.unit-test";
		};
		119546D1208DDA9400AA6C02 /* NFCTestUITests */ = {
			isa = PBXNativeTarget;
			buildConfigurationList = 119546E1208DDA9400AA6C02 /* Build configuration list for PBXNativeTarget "NFCTestUITests" */;
			buildPhases = (
				119546CE208DDA9400AA6C02 /* Sources */,
				119546CF208DDA9400AA6C02 /* Frameworks */,
				119546D0208DDA9400AA6C02 /* Resources */,
			);
			buildRules = (
			);
			dependencies = (
				119546D4208DDA9400AA6C02 /* PBXTargetDependency */,
			);
			name = NFCTestUITests;
			productName = NFCTestUITests;
			productReference = 119546D2208DDA9400AA6C02 /* NFCTestUITests.xctest */;
			productType = "com.apple.product-type.bundle.ui-testing";
		};
/* End PBXNativeTarget section */

/* Begin PBXProject section */
		119546A8208DDA8800AA6C02 /* Project object */ = {
			isa = PBXProject;
			attributes = {
				LastSwiftUpdateCheck = 0930;
				LastUpgradeCheck = 0930;
				ORGANIZATIONNAME = tibin;
				TargetAttributes = {
					119546AF208DDA8800AA6C02 = {
						CreatedOnToolsVersion = 9.3;
					};
					119546C6208DDA9400AA6C02 = {
						CreatedOnToolsVersion = 9.3;
						TestTargetID = 119546AF208DDA8800AA6C02;
					};
					119546D1208DDA9400AA6C02 = {
						CreatedOnToolsVersion = 9.3;
						TestTargetID = 119546AF208DDA8800AA6C02;
					};
				};
			};
			buildConfigurationList = 119546AB208DDA8800AA6C02 /* Build configuration list for PBXProject "NFCTest" */;
			compatibilityVersion = "Xcode 9.3";
			developmentRegion = en;
			hasScannedForEncodings = 0;
			knownRegions = (
				en,
				Base,
			);
			mainGroup = 119546A7208DDA8800AA6C02;
			productRefGroup = 119546B1208DDA8800AA6C02 /* Products */;
			projectDirPath = "";
			projectRoot = "";
			targets = (
				119546AF208DDA8800AA6C02 /* NFCTest */,
				119546C6208DDA9400AA6C02 /* NFCTestTests */,
				119546D1208DDA9400AA6C02 /* NFCTestUITests */,
			);
		};
/* End PBXProject section */

/* Begin PBXResourcesBuildPhase section */
		119546AE208DDA8800AA6C02 /* Resources */ = {
			isa = PBXResourcesBuildPhase;
			buildActionMask = 2147483647;
			files = (
				119546C1208DDA9400AA6C02 /* LaunchScreen.storyboard in Resources */,
				119546BE208DDA9400AA6C02 /* Assets.xcassets in Resources */,
				119546B9208DDA8800AA6C02 /* Main.storyboard in Resources */,
			);
			runOnlyForDeploymentPostprocessing = 0;
		};
		119546C5208DDA9400AA6C02 /* Resources */ = {
			isa = PBXResourcesBuildPhase;
			buildActionMask = 2147483647;
			files = (
			);
			runOnlyForDeploymentPostprocessing = 0;
		};
		119546D0208DDA9400AA6C02 /* Resources */ = {
			isa = PBXResourcesBuildPhase;
			buildActionMask = 2147483647;
			files = (
			);
			runOnlyForDeploymentPostprocessing = 0;
		};
/* End PBXResourcesBuildPhase section */

/* Begin PBXSourcesBuildPhase section */
		119546AC208DDA8800AA6C02 /* Sources */ = {
			isa = PBXSourcesBuildPhase;
			buildActionMask = 2147483647;
			files = (
				119546B6208DDA8800AA6C02 /* ViewController.swift in Sources */,
				119546B4208DDA8800AA6C02 /* AppDelegate.swift in Sources */,
				119546BC208DDA8800AA6C02 /* NFCTest.xcdatamodeld in Sources */,
			);
			runOnlyForDeploymentPostprocessing = 0;
		};
		119546C3208DDA9400AA6C02 /* Sources */ = {
			isa = PBXSourcesBuildPhase;
			buildActionMask = 2147483647;
			files = (
				119546CC208DDA9400AA6C02 /* NFCTestTests.swift in Sources */,
			);
			runOnlyForDeploymentPostprocessing = 0;
		};
		119546CE208DDA9400AA6C02 /* Sources */ = {
			isa = PBXSourcesBuildPhase;
			buildActionMask = 2147483647;
			files = (
				119546D7208DDA9400AA6C02 /* NFCTestUITests.swift in Sources */,
			);
			runOnlyForDeploymentPostprocessing = 0;
		};
/* End PBXSourcesBuildPhase section */

/* Begin PBXTargetDependency section */
		119546C9208DDA9400AA6C02 /* PBXTargetDependency */ = {
			isa = PBXTargetDependency;
			target = 119546AF208DDA8800AA6C02 /* NFCTest */;
			targetProxy = 119546C8208DDA9400AA6C02 /* PBXContainerItemProxy */;
		};
		119546D4208DDA9400AA6C02 /* PBXTargetDependency */ = {
			isa = PBXTargetDependency;
			target = 119546AF208DDA8800AA6C02 /* NFCTest */;
			targetProxy = 119546D3208DDA9400AA6C02 /* PBXContainerItemProxy */;
		};
/* End PBXTargetDependency section */

/* Begin PBXVariantGroup section */
		119546B7208DDA8800AA6C02 /* Main.storyboard */ = {
			isa = PBXVariantGroup;
			children = (
				119546B8208DDA8800AA6C02 /* Base */,
			);
			name = Main.storyboard;
			sourceTree = "<group>";
		};
		119546BF208DDA9400AA6C02 /* LaunchScreen.storyboard */ = {
			isa = PBXVariantGroup;
			children = (
				119546C0208DDA9400AA6C02 /* Base */,
			);
			name = LaunchScreen.storyboard;
			sourceTree = "<group>";
		};
/* End PBXVariantGroup section */

/* Begin XCBuildConfiguration section */
		119546D9208DDA9400AA6C02 /* Debug */ = {
			isa = XCBuildConfiguration;
			buildSettings = {
				ALWAYS_SEARCH_USER_PATHS = NO;
				CLANG_ANALYZER_NONNULL = YES;
				CLANG_ANALYZER_NUMBER_OBJECT_CONVERSION = YES_AGGRESSIVE;
				CLANG_CXX_LANGUAGE_STANDARD = "gnu++14";
				CLANG_CXX_LIBRARY = "libc++";
				CLANG_ENABLE_MODULES = YES;
				CLANG_ENABLE_OBJC_ARC = YES;
				CLANG_ENABLE_OBJC_WEAK = YES;
				CLANG_WARN_BLOCK_CAPTURE_AUTORELEASING = YES;
				CLANG_WARN_BOOL_CONVERSION = YES;
				CLANG_WARN_COMMA = YES;
				CLANG_WARN_CONSTANT_CONVERSION = YES;
				CLANG_WARN_DEPRECATED_OBJC_IMPLEMENTATIONS = YES;
				CLANG_WARN_DIRECT_OBJC_ISA_USAGE = YES_ERROR;
				CLANG_WARN_DOCUMENTATION_COMMENTS = YES;
				CLANG_WARN_EMPTY_BODY = YES;
				CLANG_WARN_ENUM_CONVERSION = YES;
				CLANG_WARN_INFINITE_RECURSION = YES;
				CLANG_WARN_INT_CONVERSION = YES;
				CLANG_WARN_NON_LITERAL_NULL_CONVERSION = YES;
				CLANG_WARN_OBJC_IMPLICIT_RETAIN_SELF = YES;
				CLANG_WARN_OBJC_LITERAL_CONVERSION = YES;
				CLANG_WARN_OBJC_ROOT_CLASS = YES_ERROR;
				CLANG_WARN_RANGE_LOOP_ANALYSIS = YES;
				CLANG_WARN_STRICT_PROTOTYPES = YES;
				CLANG_WARN_SUSPICIOUS_MOVE = YES;
				CLANG_WARN_UNGUARDED_AVAILABILITY = YES_AGGRESSIVE;
				CLANG_WARN_UNREACHABLE_CODE = YES;
				CLANG_WARN__DUPLICATE_METHOD_MATCH = YES;
				CODE_SIGN_IDENTITY = "iPhone Developer";
				COPY_PHASE_STRIP = NO;
				DEBUG_INFORMATION_FORMAT = dwarf;
				ENABLE_STRICT_OBJC_MSGSEND = YES;
				ENABLE_TESTABILITY = YES;
				GCC_C_LANGUAGE_STANDARD = gnu11;
				GCC_DYNAMIC_NO_PIC = NO;
				GCC_NO_COMMON_BLOCKS = YES;
				GCC_OPTIMIZATION_LEVEL = 0;
				GCC_PREPROCESSOR_DEFINITIONS = (
					"DEBUG=1",
					"$(inherited)",
				);
				GCC_WARN_64_TO_32_BIT_CONVERSION = YES;
				GCC_WARN_ABOUT_RETURN_TYPE = YES_ERROR;
				GCC_WARN_UNDECLARED_SELECTOR = YES;
				GCC_WARN_UNINITIALIZED_AUTOS = YES_AGGRESSIVE;
				GCC_WARN_UNUSED_FUNCTION = YES;
				GCC_WARN_UNUSED_VARIABLE = YES;
				IPHONEOS_DEPLOYMENT_TARGET = 11.3;
				MTL_ENABLE_DEBUG_INFO = YES;
				ONLY_ACTIVE_ARCH = YES;
				SDKROOT = iphoneos;
				SWIFT_ACTIVE_COMPILATION_CONDITIONS = DEBUG;
				SWIFT_OPTIMIZATION_LEVEL = "-Onone";
			};
			name = Debug;
		};
		119546DA208DDA9400AA6C02 /* Release */ = {
			isa = XCBuildConfiguration;
			buildSettings = {
				ALWAYS_SEARCH_USER_PATHS = NO;
				CLANG_ANALYZER_NONNULL = YES;
				CLANG_ANALYZER_NUMBER_OBJECT_CONVERSION = YES_AGGRESSIVE;
				CLANG_CXX_LANGUAGE_STANDARD = "gnu++14";
				CLANG_CXX_LIBRARY = "libc++";
				CLANG_ENABLE_MODULES = YES;
				CLANG_ENABLE_OBJC_ARC = YES;
				CLANG_ENABLE_OBJC_WEAK = YES;
				CLANG_WARN_BLOCK_CAPTURE_AUTORELEASING = YES;
				CLANG_WARN_BOOL_CONVERSION = YES;
				CLANG_WARN_COMMA = YES;
				CLANG_WARN_CONSTANT_CONVERSION = YES;
				CLANG_WARN_DEPRECATED_OBJC_IMPLEMENTATIONS = YES;
				CLANG_WARN_DIRECT_OBJC_ISA_USAGE = YES_ERROR;
				CLANG_WARN_DOCUMENTATION_COMMENTS = YES;
				CLANG_WARN_EMPTY_BODY = YES;
				CLANG_WARN_ENUM_CONVERSION = YES;
				CLANG_WARN_INFINITE_RECURSION = YES;
				CLANG_WARN_INT_CONVERSION = YES;
				CLANG_WARN_NON_LITERAL_NULL_CONVERSION = YES;
				CLANG_WARN_OBJC_IMPLICIT_RETAIN_SELF = YES;
				CLANG_WARN_OBJC_LITERAL_CONVERSION = YES;
				CLANG_WARN_OBJC_ROOT_CLASS = YES_ERROR;
				CLANG_WARN_RANGE_LOOP_ANALYSIS = YES;
				CLANG_WARN_STRICT_PROTOTYPES = YES;
				CLANG_WARN_SUSPICIOUS_MOVE = YES;
				CLANG_WARN_UNGUARDED_AVAILABILITY = YES_AGGRESSIVE;
				CLANG_WARN_UNREACHABLE_CODE = YES;
				CLANG_WARN__DUPLICATE_METHOD_MATCH = YES;
				CODE_SIGN_IDENTITY = "iPhone Developer";
				COPY_PHASE_STRIP = NO;
				DEBUG_INFORMATION_FORMAT = "dwarf-with-dsym";
				ENABLE_NS_ASSERTIONS = NO;
				ENABLE_STRICT_OBJC_MSGSEND = YES;
				GCC_C_LANGUAGE_STANDARD = gnu11;
				GCC_NO_COMMON_BLOCKS = YES;
				GCC_WARN_64_TO_32_BIT_CONVERSION = YES;
				GCC_WARN_ABOUT_RETURN_TYPE = YES_ERROR;
				GCC_WARN_UNDECLARED_SELECTOR = YES;
				GCC_WARN_UNINITIALIZED_AUTOS = YES_AGGRESSIVE;
				GCC_WARN_UNUSED_FUNCTION = YES;
				GCC_WARN_UNUSED_VARIABLE = YES;
				IPHONEOS_DEPLOYMENT_TARGET = 11.3;
				MTL_ENABLE_DEBUG_INFO = NO;
				SDKROOT = iphoneos;
				SWIFT_COMPILATION_MODE = wholemodule;
				SWIFT_OPTIMIZATION_LEVEL = "-O";
				VALIDATE_PRODUCT = YES;
			};
			name = Release;
		};
		119546DC208DDA9400AA6C02 /* Debug */ = {
			isa = XCBuildConfiguration;
			buildSettings = {
				ASSETCATALOG_COMPILER_APPICON_NAME = AppIcon;
				CODE_SIGN_STYLE = Automatic;
				INFOPLIST_FILE = NFCTest/Info.plist;
				LD_RUNPATH_SEARCH_PATHS = (
					"$(inherited)",
					"@executable_path/Frameworks",
				);
				PRODUCT_BUNDLE_IDENTIFIER = com.tibinT9.NFCTest;
				PRODUCT_NAME = "$(TARGET_NAME)";
				SWIFT_VERSION = 4.0;
				TARGETED_DEVICE_FAMILY = "1,2";
			};
			name = Debug;
		};
		119546DD208DDA9400AA6C02 /* Release */ = {
			isa = XCBuildConfiguration;
			buildSettings = {
				ASSETCATALOG_COMPILER_APPICON_NAME = AppIcon;
				CODE_SIGN_STYLE = Automatic;
				INFOPLIST_FILE = NFCTest/Info.plist;
				LD_RUNPATH_SEARCH_PATHS = (
					"$(inherited)",
					"@executable_path/Frameworks",
				);
				PRODUCT_BUNDLE_IDENTIFIER = com.tibinT9.NFCTest;
				PRODUCT_NAME = "$(TARGET_NAME)";
				SWIFT_VERSION = 4.0;
				TARGETED_DEVICE_FAMILY = "1,2";
			};
			name = Release;
		};
		119546DF208DDA9400AA6C02 /* Debug */ = {
			isa = XCBuildConfiguration;
			buildSettings = {
				ALWAYS_EMBED_SWIFT_STANDARD_LIBRARIES = YES;
				BUNDLE_LOADER = "$(TEST_HOST)";
				CODE_SIGN_STYLE = Automatic;
				INFOPLIST_FILE = NFCTestTests/Info.plist;
				LD_RUNPATH_SEARCH_PATHS = (
					"$(inherited)",
					"@executable_path/Frameworks",
					"@loader_path/Frameworks",
				);
				PRODUCT_BUNDLE_IDENTIFIER = com.tibinT9.NFCTestTests;
				PRODUCT_NAME = "$(TARGET_NAME)";
				SWIFT_VERSION = 4.0;
				TARGETED_DEVICE_FAMILY = "1,2";
				TEST_HOST = "$(BUILT_PRODUCTS_DIR)/NFCTest.app/NFCTest";
			};
			name = Debug;
		};
		119546E0208DDA9400AA6C02 /* Release */ = {
			isa = XCBuildConfiguration;
			buildSettings = {
				ALWAYS_EMBED_SWIFT_STANDARD_LIBRARIES = YES;
				BUNDLE_LOADER = "$(TEST_HOST)";
				CODE_SIGN_STYLE = Automatic;
				INFOPLIST_FILE = NFCTestTests/Info.plist;
				LD_RUNPATH_SEARCH_PATHS = (
					"$(inherited)",
					"@executable_path/Frameworks",
					"@loader_path/Frameworks",
				);
				PRODUCT_BUNDLE_IDENTIFIER = com.tibinT9.NFCTestTests;
				PRODUCT_NAME = "$(TARGET_NAME)";
				SWIFT_VERSION = 4.0;
				TARGETED_DEVICE_FAMILY = "1,2";
				TEST_HOST = "$(BUILT_PRODUCTS_DIR)/NFCTest.app/NFCTest";
			};
			name = Release;
		};
		119546E2208DDA9400AA6C02 /* Debug */ = {
			isa = XCBuildConfiguration;
			buildSettings = {
				ALWAYS_EMBED_SWIFT_STANDARD_LIBRARIES = YES;
				CODE_SIGN_STYLE = Automatic;
				INFOPLIST_FILE = NFCTestUITests/Info.plist;
				LD_RUNPATH_SEARCH_PATHS = (
					"$(inherited)",
					"@executable_path/Frameworks",
					"@loader_path/Frameworks",
				);
				PRODUCT_BUNDLE_IDENTIFIER = com.tibinT9.NFCTestUITests;
				PRODUCT_NAME = "$(TARGET_NAME)";
				SWIFT_VERSION = 4.0;
				TARGETED_DEVICE_FAMILY = "1,2";
				TEST_TARGET_NAME = NFCTest;
			};
			name = Debug;
		};
		119546E3208DDA9400AA6C02 /* Release */ = {
			isa = XCBuildConfiguration;
			buildSettings = {
				ALWAYS_EMBED_SWIFT_STANDARD_LIBRARIES = YES;
				CODE_SIGN_STYLE = Automatic;
				INFOPLIST_FILE = NFCTestUITests/Info.plist;
				LD_RUNPATH_SEARCH_PATHS = (
					"$(inherited)",
					"@executable_path/Frameworks",
					"@loader_path/Frameworks",
				);
				PRODUCT_BUNDLE_IDENTIFIER = com.tibinT9.NFCTestUITests;
				PRODUCT_NAME = "$(TARGET_NAME)";
				SWIFT_VERSION = 4.0;
				TARGETED_DEVICE_FAMILY = "1,2";
				TEST_TARGET_NAME = NFCTest;
			};
			name = Release;
		};
/* End XCBuildConfiguration section */

/* Begin XCConfigurationList section */
		119546AB208DDA8800AA6C02 /* Build configuration list for PBXProject "NFCTest" */ = {
			isa = XCConfigurationList;
			buildConfigurations = (
				119546D9208DDA9400AA6C02 /* Debug */,
				119546DA208DDA9400AA6C02 /* Release */,
			);
			defaultConfigurationIsVisible = 0;
			defaultConfigurationName = Release;
		};
		119546DB208DDA9400AA6C02 /* Build configuration list for PBXNativeTarget "NFCTest" */ = {
			isa = XCConfigurationList;
			buildConfigurations = (
				119546DC208DDA9400AA6C02 /* Debug */,
				119546DD208DDA9400AA6C02 /* Release */,
			);
			defaultConfigurationIsVisible = 0;
			defaultConfigurationName = Release;
		};
		119546DE208DDA9400AA6C02 /* Build configuration list for PBXNativeTarget "NFCTestTests" */ = {
			isa = XCConfigurationList;
			buildConfigurations = (
				119546DF208DDA9400AA6C02 /* Debug */,
				119546E0208DDA9400AA6C02 /* Release */,
			);
			defaultConfigurationIsVisible = 0;
			defaultConfigurationName = Release;
		};
		119546E1208DDA9400AA6C02 /* Build configuration list for PBXNativeTarget "NFCTestUITests" */ = {
			isa = XCConfigurationList;
			buildConfigurations = (
				119546E2208DDA9400AA6C02 /* Debug */,
				119546E3208DDA9400AA6C02 /* Release */,
			);
			defaultConfigurationIsVisible = 0;
			defaultConfigurationName = Release;
		};
/* End XCConfigurationList section */

/* Begin XCVersionGroup section */
		119546BA208DDA8800AA6C02 /* NFCTest.xcdatamodeld */ = {
			isa = XCVersionGroup;
			children = (
				119546BB208DDA8800AA6C02 /* NFCTest.xcdatamodel */,
			);
			currentVersion = 119546BB208DDA8800AA6C02 /* NFCTest.xcdatamodel */;
			path = NFCTest.xcdatamodeld;
			sourceTree = "<group>";
			versionGroupType = wrapper.xcdatamodel;
		};
/* End XCVersionGroup section */
	};
	rootObject = 119546A8208DDA8800AA6C02 /* Project object */;
}
